{
	"name": "@tequin/mcumgr",
	"version": "0.1.2",
	"lockfileVersion": 3,
	"requires": true,
	"packages": {
		"": {
			"name": "@tequin/mcumgr",
			"version": "0.1.2",
			"license": "MIT",
			"dependencies": {
				"@types/web-bluetooth": "^0.0.20",
				"cborg": "^4.0.8"
			},
			"devDependencies": {
				"prettier": "3.4.2"
			}
		},
		"node_modules/@types/web-bluetooth": {
			"version": "0.0.20",
			"resolved": "https://registry.npmjs.org/@types/web-bluetooth/-/web-bluetooth-0.0.20.tgz",
			"integrity": "sha512-g9gZnnXVq7gM7v3tJCWV/qw7w+KeOlSHAhgF9RytFyifW6AF61hdT2ucrYhPq9hLs5JIryeupHV3qGk95dH9ow=="
		},
		"node_modules/cborg": {
			"version": "4.2.8",
			"resolved": "https://registry.npmjs.org/cborg/-/cborg-4.2.8.tgz",
			"integrity": "sha512-z9M+TZCWQbf89Gl8ulpYThM9fqmkjBDdMiq+wS72OAK2zqDaXNquoAWFDrAKHQAukVtPspmadB9chuFC0ut7ew==",
			"bin": {
				"cborg": "lib/bin.js"
			}
		},
		"node_modules/prettier": {
			"version": "3.4.2",
			"resolved": "https://registry.npmjs.org/prettier/-/prettier-3.4.2.tgz",
			"integrity": "sha512-e9MewbtFo+Fevyuxn/4rrcDAaq0IYxPGLvObpQjiZBMAzB9IGmzlnG9RZy3FFas+eBMu2vA0CszMeduow5dIuQ==",
			"dev": true,
			"bin": {
				"prettier": "bin/prettier.cjs"
			},
			"engines": {
				"node": ">=14"
			},
			"funding": {
				"url": "https://github.com/prettier/prettier?sponsor=1"
			}
		}
	}
}
